
Microsoft Visual Studio Solution File, Format Version 12.00
# Visual Studio Version 17
VisualStudioVersion = 17.4.33110.190
MinimumVisualStudioVersion = 10.0.40219.1
Project("{2150E333-8FDC-42A3-9474-1A3956D46DE8}") = "Web", "Web", "{B85ED4F2-BB46-4ECD-ACE2-DA717BA6294C}"
EndProject
Project("{9A19103F-16F7-4668-BE54-9A1E7A4F7556}") = "AOMForum.Common", "AOMForum.Common\AOMForum.Common.csproj", "{B9B1E7AB-E291-45C3-AA5F-2ECC0BB9CE53}"
EndProject
Project("{2150E333-8FDC-42A3-9474-1A3956D46DE8}") = "Data", "Data", "{BF8194AB-E3AF-448F-886D-2501F203DF9C}"
EndProject
Project("{2150E333-8FDC-42A3-9474-1A3956D46DE8}") = "Services", "Services", "{6FD8263D-2C40-4C54-8ED0-4704EF704935}"
EndProject
Project("{2150E333-8FDC-42A3-9474-1A3956D46DE8}") = "Tests", "Tests", "{721116F5-E9E7-4519-B21D-DE0B2C75EA61}"
EndProject
Project("{9A19103F-16F7-4668-BE54-9A1E7A4F7556}") = "AOMForum.Services", "Services\AOMForum.Services\AOMForum.Services.csproj", "{A603A131-14A4-4F56-8350-77A68CB7B7C3}"
EndProject
Project("{9A19103F-16F7-4668-BE54-9A1E7A4F7556}") = "AOMForum.Data", "Data\AOMForum.Data\AOMForum.Data.csproj", "{277240E1-01EB-4577-B9E4-E8E2492C4D08}"
EndProject
Project("{9A19103F-16F7-4668-BE54-9A1E7A4F7556}") = "AOMForum.Data.Common", "Data\AOMForum.Data.Common\AOMForum.Data.Common.csproj", "{14D02382-49CE-45D9-B528-F7C36C29EE45}"
EndProject
Project("{9A19103F-16F7-4668-BE54-9A1E7A4F7556}") = "AOMForum.Data.Models", "Data\AOMForum.Data.Models\AOMForum.Data.Models.csproj", "{94EB7D6C-50F2-41AF-B192-B3ADBD9C6E91}"
EndProject
Project("{9A19103F-16F7-4668-BE54-9A1E7A4F7556}") = "AOMForum.Services.Data", "Services\AOMForum.Services.Data\AOMForum.Services.Data.csproj", "{577985B6-C135-49E6-A4FF-D79AF443375E}"
EndProject
Project("{9A19103F-16F7-4668-BE54-9A1E7A4F7556}") = "AOMForum.Services.Mapping", "Services\AOMForum.Services.Mapping\AOMForum.Services.Mapping.csproj", "{BAC9177C-C321-435F-A11D-C40835EAC098}"
EndProject
Project("{9A19103F-16F7-4668-BE54-9A1E7A4F7556}") = "AOMForum.Services.Messaging", "Services\AOMForum.Services.Messaging\AOMForum.Services.Messaging.csproj", "{58D99D6B-B708-47B0-8AA2-9A30BF4FD1DF}"
EndProject
Project("{9A19103F-16F7-4668-BE54-9A1E7A4F7556}") = "AOMForum.Services.Data.Tests", "Tests\AOMForum.Services.Data.Tests\AOMForum.Services.Data.Tests.csproj", "{F56E7E08-B27B-4009-8A18-E9A4FFFBB649}"
EndProject
Project("{9A19103F-16F7-4668-BE54-9A1E7A4F7556}") = "Sandbox", "Tests\Sandbox\Sandbox.csproj", "{5AB2B7C9-2A4A-41A0-A4A8-C19BE0D0B29F}"
EndProject
Project("{9A19103F-16F7-4668-BE54-9A1E7A4F7556}") = "AOMForum.Web", "Web\AOMForum.Web\AOMForum.Web.csproj", "{FC10474C-1DFD-4995-B76F-DE70FBD626F3}"
EndProject
Project("{9A19103F-16F7-4668-BE54-9A1E7A4F7556}") = "AOMForum.Web.Infrastructure", "Web\AOMForum.Web.Infrastructure\AOMForum.Web.Infrastructure.csproj", "{29327056-D70A-4A61-ACB3-D5EB6EB2C0CB}"
EndProject
Project("{9A19103F-16F7-4668-BE54-9A1E7A4F7556}") = "AOMForum.Web.Models", "Web\AOMForum.Web.Models\AOMForum.Web.Models.csproj", "{47D12931-E0F6-4BD8-A523-20978680139B}"
EndProject
Project("{FAE04EC0-301F-11D3-BF4B-00C04F79EFBC}") = "AOMForum.Web.Tests", "AOMForum.Web.Tests\AOMForum.Web.Tests.csproj", "{16269225-B750-4C49-AF18-687DBD8C0978}"
EndProject
Global
	GlobalSection(SolutionConfigurationPlatforms) = preSolution
		Debug|Any CPU = Debug|Any CPU
		Release|Any CPU = Release|Any CPU
	EndGlobalSection
	GlobalSection(ProjectConfigurationPlatforms) = postSolution
		{B9B1E7AB-E291-45C3-AA5F-2ECC0BB9CE53}.Debug|Any CPU.ActiveCfg = Debug|Any CPU
		{B9B1E7AB-E291-45C3-AA5F-2ECC0BB9CE53}.Debug|Any CPU.Build.0 = Debug|Any CPU
		{B9B1E7AB-E291-45C3-AA5F-2ECC0BB9CE53}.Release|Any CPU.ActiveCfg = Release|Any CPU
		{B9B1E7AB-E291-45C3-AA5F-2ECC0BB9CE53}.Release|Any CPU.Build.0 = Release|Any CPU
		{A603A131-14A4-4F56-8350-77A68CB7B7C3}.Debug|Any CPU.ActiveCfg = Debug|Any CPU
		{A603A131-14A4-4F56-8350-77A68CB7B7C3}.Debug|Any CPU.Build.0 = Debug|Any CPU
		{A603A131-14A4-4F56-8350-77A68CB7B7C3}.Release|Any CPU.ActiveCfg = Release|Any CPU
		{A603A131-14A4-4F56-8350-77A68CB7B7C3}.Release|Any CPU.Build.0 = Release|Any CPU
		{277240E1-01EB-4577-B9E4-E8E2492C4D08}.Debug|Any CPU.ActiveCfg = Debug|Any CPU
		{277240E1-01EB-4577-B9E4-E8E2492C4D08}.Debug|Any CPU.Build.0 = Debug|Any CPU
		{277240E1-01EB-4577-B9E4-E8E2492C4D08}.Release|Any CPU.ActiveCfg = Release|Any CPU
		{277240E1-01EB-4577-B9E4-E8E2492C4D08}.Release|Any CPU.Build.0 = Release|Any CPU
		{14D02382-49CE-45D9-B528-F7C36C29EE45}.Debug|Any CPU.ActiveCfg = Debug|Any CPU
		{14D02382-49CE-45D9-B528-F7C36C29EE45}.Debug|Any CPU.Build.0 = Debug|Any CPU
		{14D02382-49CE-45D9-B528-F7C36C29EE45}.Release|Any CPU.ActiveCfg = Release|Any CPU
		{14D02382-49CE-45D9-B528-F7C36C29EE45}.Release|Any CPU.Build.0 = Release|Any CPU
		{94EB7D6C-50F2-41AF-B192-B3ADBD9C6E91}.Debug|Any CPU.ActiveCfg = Debug|Any CPU
		{94EB7D6C-50F2-41AF-B192-B3ADBD9C6E91}.Debug|Any CPU.Build.0 = Debug|Any CPU
		{94EB7D6C-50F2-41AF-B192-B3ADBD9C6E91}.Release|Any CPU.ActiveCfg = Release|Any CPU
		{94EB7D6C-50F2-41AF-B192-B3ADBD9C6E91}.Release|Any CPU.Build.0 = Release|Any CPU
		{577985B6-C135-49E6-A4FF-D79AF443375E}.Debug|Any CPU.ActiveCfg = Debug|Any CPU
		{577985B6-C135-49E6-A4FF-D79AF443375E}.Debug|Any CPU.Build.0 = Debug|Any CPU
		{577985B6-C135-49E6-A4FF-D79AF443375E}.Release|Any CPU.ActiveCfg = Release|Any CPU
		{577985B6-C135-49E6-A4FF-D79AF443375E}.Release|Any CPU.Build.0 = Release|Any CPU
		{BAC9177C-C321-435F-A11D-C40835EAC098}.Debug|Any CPU.ActiveCfg = Debug|Any CPU
		{BAC9177C-C321-435F-A11D-C40835EAC098}.Debug|Any CPU.Build.0 = Debug|Any CPU
		{BAC9177C-C321-435F-A11D-C40835EAC098}.Release|Any CPU.ActiveCfg = Release|Any CPU
		{BAC9177C-C321-435F-A11D-C40835EAC098}.Release|Any CPU.Build.0 = Release|Any CPU
		{58D99D6B-B708-47B0-8AA2-9A30BF4FD1DF}.Debug|Any CPU.ActiveCfg = Debug|Any CPU
		{58D99D6B-B708-47B0-8AA2-9A30BF4FD1DF}.Debug|Any CPU.Build.0 = Debug|Any CPU
		{58D99D6B-B708-47B0-8AA2-9A30BF4FD1DF}.Release|Any CPU.ActiveCfg = Release|Any CPU
		{58D99D6B-B708-47B0-8AA2-9A30BF4FD1DF}.Release|Any CPU.Build.0 = Release|Any CPU
		{F56E7E08-B27B-4009-8A18-E9A4FFFBB649}.Debug|Any CPU.ActiveCfg = Debug|Any CPU
		{F56E7E08-B27B-4009-8A18-E9A4FFFBB649}.Debug|Any CPU.Build.0 = Debug|Any CPU
		{F56E7E08-B27B-4009-8A18-E9A4FFFBB649}.Release|Any CPU.ActiveCfg = Release|Any CPU
		{F56E7E08-B27B-4009-8A18-E9A4FFFBB649}.Release|Any CPU.Build.0 = Release|Any CPU
		{5AB2B7C9-2A4A-41A0-A4A8-C19BE0D0B29F}.Debug|Any CPU.ActiveCfg = Debug|Any CPU
		{5AB2B7C9-2A4A-41A0-A4A8-C19BE0D0B29F}.Debug|Any CPU.Build.0 = Debug|Any CPU
		{5AB2B7C9-2A4A-41A0-A4A8-C19BE0D0B29F}.Release|Any CPU.ActiveCfg = Release|Any CPU
		{5AB2B7C9-2A4A-41A0-A4A8-C19BE0D0B29F}.Release|Any CPU.Build.0 = Release|Any CPU
		{FC10474C-1DFD-4995-B76F-DE70FBD626F3}.Debug|Any CPU.ActiveCfg = Debug|Any CPU
		{FC10474C-1DFD-4995-B76F-DE70FBD626F3}.Debug|Any CPU.Build.0 = Debug|Any CPU
		{FC10474C-1DFD-4995-B76F-DE70FBD626F3}.Release|Any CPU.ActiveCfg = Release|Any CPU
		{FC10474C-1DFD-4995-B76F-DE70FBD626F3}.Release|Any CPU.Build.0 = Release|Any CPU
		{29327056-D70A-4A61-ACB3-D5EB6EB2C0CB}.Debug|Any CPU.ActiveCfg = Debug|Any CPU
		{29327056-D70A-4A61-ACB3-D5EB6EB2C0CB}.Debug|Any CPU.Build.0 = Debug|Any CPU
		{29327056-D70A-4A61-ACB3-D5EB6EB2C0CB}.Release|Any CPU.ActiveCfg = Release|Any CPU
		{29327056-D70A-4A61-ACB3-D5EB6EB2C0CB}.Release|Any CPU.Build.0 = Release|Any CPU
		{47D12931-E0F6-4BD8-A523-20978680139B}.Debug|Any CPU.ActiveCfg = Debug|Any CPU
		{47D12931-E0F6-4BD8-A523-20978680139B}.Debug|Any CPU.Build.0 = Debug|Any CPU
		{47D12931-E0F6-4BD8-A523-20978680139B}.Release|Any CPU.ActiveCfg = Release|Any CPU
		{47D12931-E0F6-4BD8-A523-20978680139B}.Release|Any CPU.Build.0 = Release|Any CPU
		{16269225-B750-4C49-AF18-687DBD8C0978}.Debug|Any CPU.ActiveCfg = Debug|Any CPU
		{16269225-B750-4C49-AF18-687DBD8C0978}.Debug|Any CPU.Build.0 = Debug|Any CPU
		{16269225-B750-4C49-AF18-687DBD8C0978}.Release|Any CPU.ActiveCfg = Release|Any CPU
		{16269225-B750-4C49-AF18-687DBD8C0978}.Release|Any CPU.Build.0 = Release|Any CPU
	EndGlobalSection
	GlobalSection(SolutionProperties) = preSolution
		HideSolutionNode = FALSE
	EndGlobalSection
	GlobalSection(NestedProjects) = preSolution
		{A603A131-14A4-4F56-8350-77A68CB7B7C3} = {6FD8263D-2C40-4C54-8ED0-4704EF704935}
		{277240E1-01EB-4577-B9E4-E8E2492C4D08} = {BF8194AB-E3AF-448F-886D-2501F203DF9C}
		{14D02382-49CE-45D9-B528-F7C36C29EE45} = {BF8194AB-E3AF-448F-886D-2501F203DF9C}
		{94EB7D6C-50F2-41AF-B192-B3ADBD9C6E91} = {BF8194AB-E3AF-448F-886D-2501F203DF9C}
		{577985B6-C135-49E6-A4FF-D79AF443375E} = {6FD8263D-2C40-4C54-8ED0-4704EF704935}
		{BAC9177C-C321-435F-A11D-C40835EAC098} = {6FD8263D-2C40-4C54-8ED0-4704EF704935}
		{58D99D6B-B708-47B0-8AA2-9A30BF4FD1DF} = {6FD8263D-2C40-4C54-8ED0-4704EF704935}
		{F56E7E08-B27B-4009-8A18-E9A4FFFBB649} = {721116F5-E9E7-4519-B21D-DE0B2C75EA61}
		{5AB2B7C9-2A4A-41A0-A4A8-C19BE0D0B29F} = {721116F5-E9E7-4519-B21D-DE0B2C75EA61}
		{FC10474C-1DFD-4995-B76F-DE70FBD626F3} = {B85ED4F2-BB46-4ECD-ACE2-DA717BA6294C}
		{29327056-D70A-4A61-ACB3-D5EB6EB2C0CB} = {B85ED4F2-BB46-4ECD-ACE2-DA717BA6294C}
		{47D12931-E0F6-4BD8-A523-20978680139B} = {B85ED4F2-BB46-4ECD-ACE2-DA717BA6294C}
		{16269225-B750-4C49-AF18-687DBD8C0978} = {721116F5-E9E7-4519-B21D-DE0B2C75EA61}
	EndGlobalSection
	GlobalSection(ExtensibilityGlobals) = postSolution
		SolutionGuid = {64A2478C-6970-4A7F-9D29-74FDC236C22E}
	EndGlobalSection
EndGlobal
