
Microsoft Visual Studio Solution File, Format Version 12.00
# Visual Studio Version 17
VisualStudioVersion = 17.4.33110.190
MinimumVisualStudioVersion = 10.0.40219.1
Project("{FAE04EC0-301F-11D3-BF4B-00C04F79EFBC}") = "AOMForum.Web", "AOMForum.Web\AOMForum.Web.csproj", "{AA7E6007-25C1-4F10-B503-4BABF9D082CF}"
EndProject
Project("{2150E333-8FDC-42A3-9474-1A3956D46DE8}") = "Web", "Web", "{B85ED4F2-BB46-4ECD-ACE2-DA717BA6294C}"
EndProject
Project("{FAE04EC0-301F-11D3-BF4B-00C04F79EFBC}") = "AOMForum.Common", "AOMForum.Common\AOMForum.Common.csproj", "{B9B1E7AB-E291-45C3-AA5F-2ECC0BB9CE53}"
EndProject
Project("{FAE04EC0-301F-11D3-BF4B-00C04F79EFBC}") = "AOMForum.Web.Infrastructure", "AOMForum.Web.Infrastructure\AOMForum.Web.Infrastructure.csproj", "{07D92373-DD1C-4D14-B164-E7B2CB954F52}"
EndProject
Project("{FAE04EC0-301F-11D3-BF4B-00C04F79EFBC}") = "AOMForum.Web.Models", "AOMForum.Web.Models\AOMForum.Web.Models.csproj", "{7BA5D849-164D-487B-A878-77377B54AB5D}"
EndProject
Project("{2150E333-8FDC-42A3-9474-1A3956D46DE8}") = "Data", "Data", "{BF8194AB-E3AF-448F-886D-2501F203DF9C}"
EndProject
Project("{FAE04EC0-301F-11D3-BF4B-00C04F79EFBC}") = "AOMForum.Data", "AOMForum.Data\AOMForum.Data.csproj", "{CEC7C680-A724-425F-A505-0BA025EE7413}"
EndProject
Project("{FAE04EC0-301F-11D3-BF4B-00C04F79EFBC}") = "AOMForum.Data.Common", "AOMForum.Data.Common\AOMForum.Data.Common.csproj", "{01AFD3D4-6EF8-42E7-A7FB-261BDF600D66}"
EndProject
Project("{FAE04EC0-301F-11D3-BF4B-00C04F79EFBC}") = "AOMForum.Data.Models", "AOMForum.Data.Models\AOMForum.Data.Models.csproj", "{02B9917A-FD74-4645-9BE1-66083F80198C}"
EndProject
Project("{2150E333-8FDC-42A3-9474-1A3956D46DE8}") = "Services", "Services", "{6FD8263D-2C40-4C54-8ED0-4704EF704935}"
EndProject
Project("{FAE04EC0-301F-11D3-BF4B-00C04F79EFBC}") = "AOMForum.Services", "AOMForum.Services\AOMForum.Services.csproj", "{E537819F-34DD-4636-9D00-A84C6999E398}"
EndProject
Project("{FAE04EC0-301F-11D3-BF4B-00C04F79EFBC}") = "AOMForum.Services.Data", "AOMForum.Services.Data\AOMForum.Services.Data.csproj", "{B0ECDAF0-2E3E-4DEE-A0CB-D3B1A0805BCF}"
EndProject
Project("{FAE04EC0-301F-11D3-BF4B-00C04F79EFBC}") = "AOMForum.Services.Mapping", "AOMForum.Services.Mapping\AOMForum.Services.Mapping.csproj", "{D63B6C1B-19B5-415D-81AA-B88D816EC663}"
EndProject
Project("{FAE04EC0-301F-11D3-BF4B-00C04F79EFBC}") = "AOMForum.Services.Messaging", "AOMForum.Services.Messaging\AOMForum.Services.Messaging.csproj", "{28BDE81B-224B-4495-A14B-53826CA51565}"
EndProject
Project("{2150E333-8FDC-42A3-9474-1A3956D46DE8}") = "Tests", "Tests", "{721116F5-E9E7-4519-B21D-DE0B2C75EA61}"
EndProject
Project("{FAE04EC0-301F-11D3-BF4B-00C04F79EFBC}") = "AOMForum.Services.Data.Tests", "AOMForum.Services.Data.Tests\AOMForum.Services.Data.Tests.csproj", "{B9128AE6-F76F-44C1-A62E-9E666FC2CFAC}"
EndProject
Project("{FAE04EC0-301F-11D3-BF4B-00C04F79EFBC}") = "Sandbox", "Sandbox\Sandbox.csproj", "{70C808F8-2C4E-44AC-8E26-9943D54E6396}"
EndProject
Global
	GlobalSection(SolutionConfigurationPlatforms) = preSolution
		Debug|Any CPU = Debug|Any CPU
		Release|Any CPU = Release|Any CPU
	EndGlobalSection
	GlobalSection(ProjectConfigurationPlatforms) = postSolution
		{AA7E6007-25C1-4F10-B503-4BABF9D082CF}.Debug|Any CPU.ActiveCfg = Debug|Any CPU
		{AA7E6007-25C1-4F10-B503-4BABF9D082CF}.Debug|Any CPU.Build.0 = Debug|Any CPU
		{AA7E6007-25C1-4F10-B503-4BABF9D082CF}.Release|Any CPU.ActiveCfg = Release|Any CPU
		{AA7E6007-25C1-4F10-B503-4BABF9D082CF}.Release|Any CPU.Build.0 = Release|Any CPU
		{B9B1E7AB-E291-45C3-AA5F-2ECC0BB9CE53}.Debug|Any CPU.ActiveCfg = Debug|Any CPU
		{B9B1E7AB-E291-45C3-AA5F-2ECC0BB9CE53}.Debug|Any CPU.Build.0 = Debug|Any CPU
		{B9B1E7AB-E291-45C3-AA5F-2ECC0BB9CE53}.Release|Any CPU.ActiveCfg = Release|Any CPU
		{B9B1E7AB-E291-45C3-AA5F-2ECC0BB9CE53}.Release|Any CPU.Build.0 = Release|Any CPU
		{07D92373-DD1C-4D14-B164-E7B2CB954F52}.Debug|Any CPU.ActiveCfg = Debug|Any CPU
		{07D92373-DD1C-4D14-B164-E7B2CB954F52}.Debug|Any CPU.Build.0 = Debug|Any CPU
		{07D92373-DD1C-4D14-B164-E7B2CB954F52}.Release|Any CPU.ActiveCfg = Release|Any CPU
		{07D92373-DD1C-4D14-B164-E7B2CB954F52}.Release|Any CPU.Build.0 = Release|Any CPU
		{7BA5D849-164D-487B-A878-77377B54AB5D}.Debug|Any CPU.ActiveCfg = Debug|Any CPU
		{7BA5D849-164D-487B-A878-77377B54AB5D}.Debug|Any CPU.Build.0 = Debug|Any CPU
		{7BA5D849-164D-487B-A878-77377B54AB5D}.Release|Any CPU.ActiveCfg = Release|Any CPU
		{7BA5D849-164D-487B-A878-77377B54AB5D}.Release|Any CPU.Build.0 = Release|Any CPU
		{CEC7C680-A724-425F-A505-0BA025EE7413}.Debug|Any CPU.ActiveCfg = Debug|Any CPU
		{CEC7C680-A724-425F-A505-0BA025EE7413}.Debug|Any CPU.Build.0 = Debug|Any CPU
		{CEC7C680-A724-425F-A505-0BA025EE7413}.Release|Any CPU.ActiveCfg = Release|Any CPU
		{CEC7C680-A724-425F-A505-0BA025EE7413}.Release|Any CPU.Build.0 = Release|Any CPU
		{01AFD3D4-6EF8-42E7-A7FB-261BDF600D66}.Debug|Any CPU.ActiveCfg = Debug|Any CPU
		{01AFD3D4-6EF8-42E7-A7FB-261BDF600D66}.Debug|Any CPU.Build.0 = Debug|Any CPU
		{01AFD3D4-6EF8-42E7-A7FB-261BDF600D66}.Release|Any CPU.ActiveCfg = Release|Any CPU
		{01AFD3D4-6EF8-42E7-A7FB-261BDF600D66}.Release|Any CPU.Build.0 = Release|Any CPU
		{02B9917A-FD74-4645-9BE1-66083F80198C}.Debug|Any CPU.ActiveCfg = Debug|Any CPU
		{02B9917A-FD74-4645-9BE1-66083F80198C}.Debug|Any CPU.Build.0 = Debug|Any CPU
		{02B9917A-FD74-4645-9BE1-66083F80198C}.Release|Any CPU.ActiveCfg = Release|Any CPU
		{02B9917A-FD74-4645-9BE1-66083F80198C}.Release|Any CPU.Build.0 = Release|Any CPU
		{E537819F-34DD-4636-9D00-A84C6999E398}.Debug|Any CPU.ActiveCfg = Debug|Any CPU
		{E537819F-34DD-4636-9D00-A84C6999E398}.Debug|Any CPU.Build.0 = Debug|Any CPU
		{E537819F-34DD-4636-9D00-A84C6999E398}.Release|Any CPU.ActiveCfg = Release|Any CPU
		{E537819F-34DD-4636-9D00-A84C6999E398}.Release|Any CPU.Build.0 = Release|Any CPU
		{B0ECDAF0-2E3E-4DEE-A0CB-D3B1A0805BCF}.Debug|Any CPU.ActiveCfg = Debug|Any CPU
		{B0ECDAF0-2E3E-4DEE-A0CB-D3B1A0805BCF}.Debug|Any CPU.Build.0 = Debug|Any CPU
		{B0ECDAF0-2E3E-4DEE-A0CB-D3B1A0805BCF}.Release|Any CPU.ActiveCfg = Release|Any CPU
		{B0ECDAF0-2E3E-4DEE-A0CB-D3B1A0805BCF}.Release|Any CPU.Build.0 = Release|Any CPU
		{D63B6C1B-19B5-415D-81AA-B88D816EC663}.Debug|Any CPU.ActiveCfg = Debug|Any CPU
		{D63B6C1B-19B5-415D-81AA-B88D816EC663}.Debug|Any CPU.Build.0 = Debug|Any CPU
		{D63B6C1B-19B5-415D-81AA-B88D816EC663}.Release|Any CPU.ActiveCfg = Release|Any CPU
		{D63B6C1B-19B5-415D-81AA-B88D816EC663}.Release|Any CPU.Build.0 = Release|Any CPU
		{28BDE81B-224B-4495-A14B-53826CA51565}.Debug|Any CPU.ActiveCfg = Debug|Any CPU
		{28BDE81B-224B-4495-A14B-53826CA51565}.Debug|Any CPU.Build.0 = Debug|Any CPU
		{28BDE81B-224B-4495-A14B-53826CA51565}.Release|Any CPU.ActiveCfg = Release|Any CPU
		{28BDE81B-224B-4495-A14B-53826CA51565}.Release|Any CPU.Build.0 = Release|Any CPU
		{B9128AE6-F76F-44C1-A62E-9E666FC2CFAC}.Debug|Any CPU.ActiveCfg = Debug|Any CPU
		{B9128AE6-F76F-44C1-A62E-9E666FC2CFAC}.Debug|Any CPU.Build.0 = Debug|Any CPU
		{B9128AE6-F76F-44C1-A62E-9E666FC2CFAC}.Release|Any CPU.ActiveCfg = Release|Any CPU
		{B9128AE6-F76F-44C1-A62E-9E666FC2CFAC}.Release|Any CPU.Build.0 = Release|Any CPU
		{70C808F8-2C4E-44AC-8E26-9943D54E6396}.Debug|Any CPU.ActiveCfg = Debug|Any CPU
		{70C808F8-2C4E-44AC-8E26-9943D54E6396}.Debug|Any CPU.Build.0 = Debug|Any CPU
		{70C808F8-2C4E-44AC-8E26-9943D54E6396}.Release|Any CPU.ActiveCfg = Release|Any CPU
		{70C808F8-2C4E-44AC-8E26-9943D54E6396}.Release|Any CPU.Build.0 = Release|Any CPU
	EndGlobalSection
	GlobalSection(SolutionProperties) = preSolution
		HideSolutionNode = FALSE
	EndGlobalSection
	GlobalSection(NestedProjects) = preSolution
		{AA7E6007-25C1-4F10-B503-4BABF9D082CF} = {B85ED4F2-BB46-4ECD-ACE2-DA717BA6294C}
		{07D92373-DD1C-4D14-B164-E7B2CB954F52} = {B85ED4F2-BB46-4ECD-ACE2-DA717BA6294C}
		{7BA5D849-164D-487B-A878-77377B54AB5D} = {B85ED4F2-BB46-4ECD-ACE2-DA717BA6294C}
		{CEC7C680-A724-425F-A505-0BA025EE7413} = {BF8194AB-E3AF-448F-886D-2501F203DF9C}
		{01AFD3D4-6EF8-42E7-A7FB-261BDF600D66} = {BF8194AB-E3AF-448F-886D-2501F203DF9C}
		{02B9917A-FD74-4645-9BE1-66083F80198C} = {BF8194AB-E3AF-448F-886D-2501F203DF9C}
		{E537819F-34DD-4636-9D00-A84C6999E398} = {6FD8263D-2C40-4C54-8ED0-4704EF704935}
		{B0ECDAF0-2E3E-4DEE-A0CB-D3B1A0805BCF} = {6FD8263D-2C40-4C54-8ED0-4704EF704935}
		{D63B6C1B-19B5-415D-81AA-B88D816EC663} = {6FD8263D-2C40-4C54-8ED0-4704EF704935}
		{28BDE81B-224B-4495-A14B-53826CA51565} = {6FD8263D-2C40-4C54-8ED0-4704EF704935}
		{B9128AE6-F76F-44C1-A62E-9E666FC2CFAC} = {721116F5-E9E7-4519-B21D-DE0B2C75EA61}
		{70C808F8-2C4E-44AC-8E26-9943D54E6396} = {721116F5-E9E7-4519-B21D-DE0B2C75EA61}
	EndGlobalSection
	GlobalSection(ExtensibilityGlobals) = postSolution
		SolutionGuid = {64A2478C-6970-4A7F-9D29-74FDC236C22E}
	EndGlobalSection
EndGlobal
